
Microsoft Visual Studio Solution File, Format Version 12.00
# Visual Studio 15
VisualStudioVersion = 15.0.27703.2026
MinimumVisualStudioVersion = 10.0.40219.1
Project("{FAE04EC0-301F-11D3-BF4B-00C04F79EFBC}") = "00001_MinMax", "00001_MinMax\00001_MinMax.csproj", "{F6B554A3-6F68-401B-975B-BEC67CAABB20}"
EndProject
Project("{FAE04EC0-301F-11D3-BF4B-00C04F79EFBC}") = "00002_BirthDayCakeCandles", "00002_BirthDayCakeCandles\00002_BirthDayCakeCandles.csproj", "{2070A836-2DF6-434D-B2C9-BA77B88AC432}"
EndProject
Global
	GlobalSection(SolutionConfigurationPlatforms) = preSolution
		Debug|Any CPU = Debug|Any CPU
		Release|Any CPU = Release|Any CPU
	EndGlobalSection
	GlobalSection(ProjectConfigurationPlatforms) = postSolution
		{F6B554A3-6F68-401B-975B-BEC67CAABB20}.Debug|Any CPU.ActiveCfg = Debug|Any CPU
		{F6B554A3-6F68-401B-975B-BEC67CAABB20}.Debug|Any CPU.Build.0 = Debug|Any CPU
		{F6B554A3-6F68-401B-975B-BEC67CAABB20}.Release|Any CPU.ActiveCfg = Release|Any CPU
		{F6B554A3-6F68-401B-975B-BEC67CAABB20}.Release|Any CPU.Build.0 = Release|Any CPU
		{2070A836-2DF6-434D-B2C9-BA77B88AC432}.Debug|Any CPU.ActiveCfg = Debug|Any CPU
		{2070A836-2DF6-434D-B2C9-BA77B88AC432}.Debug|Any CPU.Build.0 = Debug|Any CPU
		{2070A836-2DF6-434D-B2C9-BA77B88AC432}.Release|Any CPU.ActiveCfg = Release|Any CPU
		{2070A836-2DF6-434D-B2C9-BA77B88AC432}.Release|Any CPU.Build.0 = Release|Any CPU
	EndGlobalSection
	GlobalSection(SolutionProperties) = preSolution
		HideSolutionNode = FALSE
	EndGlobalSection
	GlobalSection(ExtensibilityGlobals) = postSolution
		SolutionGuid = {64EBF620-4298-49F1-BA24-3BACED447792}
	EndGlobalSection
EndGlobal
